// !$*UTF8*$!
{
	archiveVersion = 1;
	classes = {
	};
	objectVersion = 46;
	objects = {

/* Begin PBXBuildFile section */
		4AB1A9891C6A725C00E55A79 /* User.m in Sources */ = {isa = PBXBuildFile; fileRef = 4AB1A9881C6A725C00E55A79 /* User.m */; };
		4ACFBC9C1C62974900BE649A /* main.m in Sources */ = {isa = PBXBuildFile; fileRef = 4ACFBC9B1C62974900BE649A /* main.m */; };
		4ACFBC9F1C62974900BE649A /* AppDelegate.m in Sources */ = {isa = PBXBuildFile; fileRef = 4ACFBC9E1C62974900BE649A /* AppDelegate.m */; };
		4ACFBCA21C62974900BE649A /* ViewController.m in Sources */ = {isa = PBXBuildFile; fileRef = 4ACFBCA11C62974900BE649A /* ViewController.m */; };
		4ACFBCA51C62974900BE649A /* Main.storyboard in Resources */ = {isa = PBXBuildFile; fileRef = 4ACFBCA31C62974900BE649A /* Main.storyboard */; };
		4ACFBCA71C62974900BE649A /* Assets.xcassets in Resources */ = {isa = PBXBuildFile; fileRef = 4ACFBCA61C62974900BE649A /* Assets.xcassets */; };
		4ACFBCAA1C62974900BE649A /* LaunchScreen.storyboard in Resources */ = {isa = PBXBuildFile; fileRef = 4ACFBCA81C62974900BE649A /* LaunchScreen.storyboard */; };
		4ACFBCB51C62974900BE649A /* SevenSegmentTests.m in Sources */ = {isa = PBXBuildFile; fileRef = 4ACFBCB41C62974900BE649A /* SevenSegmentTests.m */; };
		4ACFBCC01C62974900BE649A /* SevenSegmentUITests.m in Sources */ = {isa = PBXBuildFile; fileRef = 4ACFBCBF1C62974900BE649A /* SevenSegmentUITests.m */; };
		4ACFBCD21C62A1E800BE649A /* am.png in Resources */ = {isa = PBXBuildFile; fileRef = 4ACFBCCD1C62A1E800BE649A /* am.png */; };
		4ACFBCD31C62A1E800BE649A /* pm.png in Resources */ = {isa = PBXBuildFile; fileRef = 4ACFBCCE1C62A1E800BE649A /* pm.png */; };
		4ACFBCD41C62A1E800BE649A /* verticalSegment.png in Resources */ = {isa = PBXBuildFile; fileRef = 4ACFBCCF1C62A1E800BE649A /* verticalSegment.png */; };
		4ACFBCD51C62A1E800BE649A /* horizontalSegment.png in Resources */ = {isa = PBXBuildFile; fileRef = 4ACFBCD01C62A1E800BE649A /* horizontalSegment.png */; };
		4ACFBCD61C62A1E800BE649A /* separator.png in Resources */ = {isa = PBXBuildFile; fileRef = 4ACFBCD11C62A1E800BE649A /* separator.png */; };
		4AE8A98B1CC6BB5D006A37CB /* ios in Resources */ = {isa = PBXBuildFile; fileRef = 4AE8A98A1CC6BB5D006A37CB /* ios */; };
		4AE8A98F1CC6BF47006A37CB /* AppIcon.appiconset in Resources */ = {isa = PBXBuildFile; fileRef = 4AE8A98E1CC6BF47006A37CB /* AppIcon.appiconset */; };
/* End PBXBuildFile section */

/* Begin PBXContainerItemProxy section */
		4ACFBCB11C62974900BE649A /* PBXContainerItemProxy */ = {
			isa = PBXContainerItemProxy;
			containerPortal = 4ACFBC8F1C62974900BE649A /* Project object */;
			proxyType = 1;
			remoteGlobalIDString = 4ACFBC961C62974900BE649A;
			remoteInfo = SevenSegment;
		};
		4ACFBCBC1C62974900BE649A /* PBXContainerItemProxy */ = {
			isa = PBXContainerItemProxy;
			containerPortal = 4ACFBC8F1C62974900BE649A /* Project object */;
			proxyType = 1;
			remoteGlobalIDString = 4ACFBC961C62974900BE649A;
			remoteInfo = SevenSegment;
		};
/* End PBXContainerItemProxy section */

/* Begin PBXFileReference section */
		4AB1A9871C6A725C00E55A79 /* User.h */ = {isa = PBXFileReference; fileEncoding = 4; lastKnownFileType = sourcecode.c.h; path = User.h; sourceTree = "<group>"; };
		4AB1A9881C6A725C00E55A79 /* User.m */ = {isa = PBXFileReference; fileEncoding = 4; lastKnownFileType = sourcecode.c.objc; path = User.m; sourceTree = "<group>"; };
		4ACFBC971C62974900BE649A /* SevenSegment.app */ = {isa = PBXFileReference; explicitFileType = wrapper.application; includeInIndex = 0; path = SevenSegment.app; sourceTree = BUILT_PRODUCTS_DIR; };
		4ACFBC9B1C62974900BE649A /* main.m */ = {isa = PBXFileReference; lastKnownFileType = sourcecode.c.objc; path = main.m; sourceTree = "<group>"; };
		4ACFBC9D1C62974900BE649A /* AppDelegate.h */ = {isa = PBXFileReference; lastKnownFileType = sourcecode.c.h; path = AppDelegate.h; sourceTree = "<group>"; };
		4ACFBC9E1C62974900BE649A /* AppDelegate.m */ = {isa = PBXFileReference; lastKnownFileType = sourcecode.c.objc; path = AppDelegate.m; sourceTree = "<group>"; };
		4ACFBCA01C62974900BE649A /* ViewController.h */ = {isa = PBXFileReference; lastKnownFileType = sourcecode.c.h; path = ViewController.h; sourceTree = "<group>"; };
		4ACFBCA11C62974900BE649A /* ViewController.m */ = {isa = PBXFileReference; lastKnownFileType = sourcecode.c.objc; path = ViewController.m; sourceTree = "<group>"; };
		4ACFBCA41C62974900BE649A /* Base */ = {isa = PBXFileReference; lastKnownFileType = file.storyboard; name = Base; path = Base.lproj/Main.storyboard; sourceTree = "<group>"; };
		4ACFBCA61C62974900BE649A /* Assets.xcassets */ = {isa = PBXFileReference; lastKnownFileType = folder.assetcatalog; path = Assets.xcassets; sourceTree = "<group>"; };
		4ACFBCA91C62974900BE649A /* Base */ = {isa = PBXFileReference; lastKnownFileType = file.storyboard; name = Base; path = Base.lproj/LaunchScreen.storyboard; sourceTree = "<group>"; };
		4ACFBCAB1C62974900BE649A /* Info.plist */ = {isa = PBXFileReference; lastKnownFileType = text.plist.xml; path = Info.plist; sourceTree = "<group>"; };
		4ACFBCB01C62974900BE649A /* SevenSegmentTests.xctest */ = {isa = PBXFileReference; explicitFileType = wrapper.cfbundle; includeInIndex = 0; path = SevenSegmentTests.xctest; sourceTree = BUILT_PRODUCTS_DIR; };
		4ACFBCB41C62974900BE649A /* SevenSegmentTests.m */ = {isa = PBXFileReference; lastKnownFileType = sourcecode.c.objc; path = SevenSegmentTests.m; sourceTree = "<group>"; };
		4ACFBCB61C62974900BE649A /* Info.plist */ = {isa = PBXFileReference; lastKnownFileType = text.plist.xml; path = Info.plist; sourceTree = "<group>"; };
		4ACFBCBB1C62974900BE649A /* SevenSegmentUITests.xctest */ = {isa = PBXFileReference; explicitFileType = wrapper.cfbundle; includeInIndex = 0; path = SevenSegmentUITests.xctest; sourceTree = BUILT_PRODUCTS_DIR; };
		4ACFBCBF1C62974900BE649A /* SevenSegmentUITests.m */ = {isa = PBXFileReference; lastKnownFileType = sourcecode.c.objc; path = SevenSegmentUITests.m; sourceTree = "<group>"; };
		4ACFBCC11C62974900BE649A /* Info.plist */ = {isa = PBXFileReference; lastKnownFileType = text.plist.xml; path = Info.plist; sourceTree = "<group>"; };
		4ACFBCCD1C62A1E800BE649A /* am.png */ = {isa = PBXFileReference; lastKnownFileType = image.png; path = am.png; sourceTree = "<group>"; };
		4ACFBCCE1C62A1E800BE649A /* pm.png */ = {isa = PBXFileReference; lastKnownFileType = image.png; path = pm.png; sourceTree = "<group>"; };
		4ACFBCCF1C62A1E800BE649A /* verticalSegment.png */ = {isa = PBXFileReference; lastKnownFileType = image.png; path = verticalSegment.png; sourceTree = "<group>"; };
		4ACFBCD01C62A1E800BE649A /* horizontalSegment.png */ = {isa = PBXFileReference; lastKnownFileType = image.png; path = horizontalSegment.png; sourceTree = "<group>"; };
		4ACFBCD11C62A1E800BE649A /* separator.png */ = {isa = PBXFileReference; lastKnownFileType = image.png; path = separator.png; sourceTree = "<group>"; };
		4AE8A98A1CC6BB5D006A37CB /* ios */ = {isa = PBXFileReference; lastKnownFileType = folder; path = ios; sourceTree = "<group>"; };
		4AE8A98E1CC6BF47006A37CB /* AppIcon.appiconset */ = {isa = PBXFileReference; lastKnownFileType = folder; path = AppIcon.appiconset; sourceTree = "<group>"; };
/* End PBXFileReference section */

/* Begin PBXFrameworksBuildPhase section */
		4ACFBC941C62974900BE649A /* Frameworks */ = {
			isa = PBXFrameworksBuildPhase;
			buildActionMask = 2147483647;
			files = (
			);
			runOnlyForDeploymentPostprocessing = 0;
		};
		4ACFBCAD1C62974900BE649A /* Frameworks */ = {
			isa = PBXFrameworksBuildPhase;
			buildActionMask = 2147483647;
			files = (
			);
			runOnlyForDeploymentPostprocessing = 0;
		};
		4ACFBCB81C62974900BE649A /* Frameworks */ = {
			isa = PBXFrameworksBuildPhase;
			buildActionMask = 2147483647;
			files = (
			);
			runOnlyForDeploymentPostprocessing = 0;
		};
/* End PBXFrameworksBuildPhase section */

/* Begin PBXGroup section */
		4ACFBC8E1C62974900BE649A = {
			isa = PBXGroup;
			children = (
				4AB1A9871C6A725C00E55A79 /* User.h */,
				4AB1A9881C6A725C00E55A79 /* User.m */,
				4ACFBC991C62974900BE649A /* SevenSegment */,
				4ACFBCB31C62974900BE649A /* SevenSegmentTests */,
				4ACFBCBE1C62974900BE649A /* SevenSegmentUITests */,
				4ACFBC981C62974900BE649A /* Products */,
			);
			sourceTree = "<group>";
		};
		4ACFBC981C62974900BE649A /* Products */ = {
			isa = PBXGroup;
			children = (
				4ACFBC971C62974900BE649A /* SevenSegment.app */,
				4ACFBCB01C62974900BE649A /* SevenSegmentTests.xctest */,
				4ACFBCBB1C62974900BE649A /* SevenSegmentUITests.xctest */,
			);
			name = Products;
			sourceTree = "<group>";
		};
		4ACFBC991C62974900BE649A /* SevenSegment */ = {
			isa = PBXGroup;
			children = (
				4ACFBCCD1C62A1E800BE649A /* am.png */,
				4ACFBCCE1C62A1E800BE649A /* pm.png */,
				4ACFBCCF1C62A1E800BE649A /* verticalSegment.png */,
				4ACFBCD01C62A1E800BE649A /* horizontalSegment.png */,
				4ACFBCD11C62A1E800BE649A /* separator.png */,
				4ACFBC9D1C62974900BE649A /* AppDelegate.h */,
				4ACFBC9E1C62974900BE649A /* AppDelegate.m */,
				4ACFBCA01C62974900BE649A /* ViewController.h */,
				4ACFBCA11C62974900BE649A /* ViewController.m */,
				4ACFBCA31C62974900BE649A /* Main.storyboard */,
				4ACFBCA61C62974900BE649A /* Assets.xcassets */,
				4ACFBCA81C62974900BE649A /* LaunchScreen.storyboard */,
				4ACFBCAB1C62974900BE649A /* Info.plist */,
				4ACFBC9A1C62974900BE649A /* Supporting Files */,
			);
			path = SevenSegment;
			sourceTree = "<group>";
		};
		4ACFBC9A1C62974900BE649A /* Supporting Files */ = {
			isa = PBXGroup;
			children = (
				4AE8A98E1CC6BF47006A37CB /* AppIcon.appiconset */,
				4AE8A98A1CC6BB5D006A37CB /* ios */,
				4ACFBC9B1C62974900BE649A /* main.m */,
			);
			name = "Supporting Files";
			sourceTree = "<group>";
		};
		4ACFBCB31C62974900BE649A /* SevenSegmentTests */ = {
			isa = PBXGroup;
			children = (
				4ACFBCB41C62974900BE649A /* SevenSegmentTests.m */,
				4ACFBCB61C62974900BE649A /* Info.plist */,
			);
			path = SevenSegmentTests;
			sourceTree = "<group>";
		};
		4ACFBCBE1C62974900BE649A /* SevenSegmentUITests */ = {
			isa = PBXGroup;
			children = (
				4ACFBCBF1C62974900BE649A /* SevenSegmentUITests.m */,
				4ACFBCC11C62974900BE649A /* Info.plist */,
			);
			path = SevenSegmentUITests;
			sourceTree = "<group>";
		};
/* End PBXGroup section */

/* Begin PBXNativeTarget section */
		4ACFBC961C62974900BE649A /* SevenSegment */ = {
			isa = PBXNativeTarget;
			buildConfigurationList = 4ACFBCC41C62974900BE649A /* Build configuration list for PBXNativeTarget "SevenSegment" */;
			buildPhases = (
				4ACFBC931C62974900BE649A /* Sources */,
				4ACFBC941C62974900BE649A /* Frameworks */,
				4ACFBC951C62974900BE649A /* Resources */,
			);
			buildRules = (
			);
			dependencies = (
			);
			name = SevenSegment;
			productName = SevenSegment;
			productReference = 4ACFBC971C62974900BE649A /* SevenSegment.app */;
			productType = "com.apple.product-type.application";
		};
		4ACFBCAF1C62974900BE649A /* SevenSegmentTests */ = {
			isa = PBXNativeTarget;
			buildConfigurationList = 4ACFBCC71C62974900BE649A /* Build configuration list for PBXNativeTarget "SevenSegmentTests" */;
			buildPhases = (
				4ACFBCAC1C62974900BE649A /* Sources */,
				4ACFBCAD1C62974900BE649A /* Frameworks */,
				4ACFBCAE1C62974900BE649A /* Resources */,
			);
			buildRules = (
			);
			dependencies = (
				4ACFBCB21C62974900BE649A /* PBXTargetDependency */,
			);
			name = SevenSegmentTests;
			productName = SevenSegmentTests;
			productReference = 4ACFBCB01C62974900BE649A /* SevenSegmentTests.xctest */;
			productType = "com.apple.product-type.bundle.unit-test";
		};
		4ACFBCBA1C62974900BE649A /* SevenSegmentUITests */ = {
			isa = PBXNativeTarget;
			buildConfigurationList = 4ACFBCCA1C62974900BE649A /* Build configuration list for PBXNativeTarget "SevenSegmentUITests" */;
			buildPhases = (
				4ACFBCB71C62974900BE649A /* Sources */,
				4ACFBCB81C62974900BE649A /* Frameworks */,
				4ACFBCB91C62974900BE649A /* Resources */,
			);
			buildRules = (
			);
			dependencies = (
				4ACFBCBD1C62974900BE649A /* PBXTargetDependency */,
			);
			name = SevenSegmentUITests;
			productName = SevenSegmentUITests;
			productReference = 4ACFBCBB1C62974900BE649A /* SevenSegmentUITests.xctest */;
			productType = "com.apple.product-type.bundle.ui-testing";
		};
/* End PBXNativeTarget section */

/* Begin PBXProject section */
		4ACFBC8F1C62974900BE649A /* Project object */ = {
			isa = PBXProject;
			attributes = {
				LastUpgradeCheck = 0720;
				ORGANIZATIONNAME = "harry bloch";
				TargetAttributes = {
					4ACFBC961C62974900BE649A = {
						CreatedOnToolsVersion = 7.2;
					};
					4ACFBCAF1C62974900BE649A = {
						CreatedOnToolsVersion = 7.2;
						TestTargetID = 4ACFBC961C62974900BE649A;
					};
					4ACFBCBA1C62974900BE649A = {
						CreatedOnToolsVersion = 7.2;
						TestTargetID = 4ACFBC961C62974900BE649A;
					};
				};
			};
			buildConfigurationList = 4ACFBC921C62974900BE649A /* Build configuration list for PBXProject "SevenSegment" */;
			compatibilityVersion = "Xcode 3.2";
			developmentRegion = English;
			hasScannedForEncodings = 0;
			knownRegions = (
				en,
				Base,
			);
			mainGroup = 4ACFBC8E1C62974900BE649A;
			productRefGroup = 4ACFBC981C62974900BE649A /* Products */;
			projectDirPath = "";
			projectRoot = "";
			targets = (
				4ACFBC961C62974900BE649A /* SevenSegment */,
				4ACFBCAF1C62974900BE649A /* SevenSegmentTests */,
				4ACFBCBA1C62974900BE649A /* SevenSegmentUITests */,
			);
		};
/* End PBXProject section */

/* Begin PBXResourcesBuildPhase section */
		4ACFBC951C62974900BE649A /* Resources */ = {
			isa = PBXResourcesBuildPhase;
			buildActionMask = 2147483647;
			files = (
				4ACFBCD31C62A1E800BE649A /* pm.png in Resources */,
				4ACFBCD61C62A1E800BE649A /* separator.png in Resources */,
				4ACFBCAA1C62974900BE649A /* LaunchScreen.storyboard in Resources */,
				4AE8A98B1CC6BB5D006A37CB /* ios in Resources */,
				4ACFBCD51C62A1E800BE649A /* horizontalSegment.png in Resources */,
				4ACFBCA71C62974900BE649A /* Assets.xcassets in Resources */,
				4ACFBCA51C62974900BE649A /* Main.storyboard in Resources */,
				4ACFBCD21C62A1E800BE649A /* am.png in Resources */,
				4AE8A98F1CC6BF47006A37CB /* AppIcon.appiconset in Resources */,
				4ACFBCD41C62A1E800BE649A /* verticalSegment.png in Resources */,
			);
			runOnlyForDeploymentPostprocessing = 0;
		};
		4ACFBCAE1C62974900BE649A /* Resources */ = {
			isa = PBXResourcesBuildPhase;
			buildActionMask = 2147483647;
			files = (
			);
			runOnlyForDeploymentPostprocessing = 0;
		};
		4ACFBCB91C62974900BE649A /* Resources */ = {
			isa = PBXResourcesBuildPhase;
			buildActionMask = 2147483647;
			files = (
			);
			runOnlyForDeploymentPostprocessing = 0;
		};
/* End PBXResourcesBuildPhase section */

/* Begin PBXSourcesBuildPhase section */
		4ACFBC931C62974900BE649A /* Sources */ = {
			isa = PBXSourcesBuildPhase;
			buildActionMask = 2147483647;
			files = (
				4AB1A9891C6A725C00E55A79 /* User.m in Sources */,
				4ACFBCA21C62974900BE649A /* ViewController.m in Sources */,
				4ACFBC9F1C62974900BE649A /* AppDelegate.m in Sources */,
				4ACFBC9C1C62974900BE649A /* main.m in Sources */,
			);
			runOnlyForDeploymentPostprocessing = 0;
		};
		4ACFBCAC1C62974900BE649A /* Sources */ = {
			isa = PBXSourcesBuildPhase;
			buildActionMask = 2147483647;
			files = (
				4ACFBCB51C62974900BE649A /* SevenSegmentTests.m in Sources */,
			);
			runOnlyForDeploymentPostprocessing = 0;
		};
		4ACFBCB71C62974900BE649A /* Sources */ = {
			isa = PBXSourcesBuildPhase;
			buildActionMask = 2147483647;
			files = (
				4ACFBCC01C62974900BE649A /* SevenSegmentUITests.m in Sources */,
			);
			runOnlyForDeploymentPostprocessing = 0;
		};
/* End PBXSourcesBuildPhase section */

/* Begin PBXTargetDependency section */
		4ACFBCB21C62974900BE649A /* PBXTargetDependency */ = {
			isa = PBXTargetDependency;
			target = 4ACFBC961C62974900BE649A /* SevenSegment */;
			targetProxy = 4ACFBCB11C62974900BE649A /* PBXContainerItemProxy */;
		};
		4ACFBCBD1C62974900BE649A /* PBXTargetDependency */ = {
			isa = PBXTargetDependency;
			target = 4ACFBC961C62974900BE649A /* SevenSegment */;
			targetProxy = 4ACFBCBC1C62974900BE649A /* PBXContainerItemProxy */;
		};
/* End PBXTargetDependency section */

/* Begin PBXVariantGroup section */
		4ACFBCA31C62974900BE649A /* Main.storyboard */ = {
			isa = PBXVariantGroup;
			children = (
				4ACFBCA41C62974900BE649A /* Base */,
			);
			name = Main.storyboard;
			sourceTree = "<group>";
		};
		4ACFBCA81C62974900BE649A /* LaunchScreen.storyboard */ = {
			isa = PBXVariantGroup;
			children = (
				4ACFBCA91C62974900BE649A /* Base */,
			);
			name = LaunchScreen.storyboard;
			sourceTree = "<group>";
		};
/* End PBXVariantGroup section */

/* Begin XCBuildConfiguration section */
		4ACFBCC21C62974900BE649A /* Debug */ = {
			isa = XCBuildConfiguration;
			buildSettings = {
				ALWAYS_SEARCH_USER_PATHS = NO;
				CLANG_CXX_LANGUAGE_STANDARD = "gnu++0x";
				CLANG_CXX_LIBRARY = "libc++";
				CLANG_ENABLE_MODULES = YES;
				CLANG_ENABLE_OBJC_ARC = YES;
				CLANG_WARN_BOOL_CONVERSION = YES;
				CLANG_WARN_CONSTANT_CONVERSION = YES;
				CLANG_WARN_DIRECT_OBJC_ISA_USAGE = YES_ERROR;
				CLANG_WARN_EMPTY_BODY = YES;
				CLANG_WARN_ENUM_CONVERSION = YES;
				CLANG_WARN_INT_CONVERSION = YES;
				CLANG_WARN_OBJC_ROOT_CLASS = YES_ERROR;
				CLANG_WARN_UNREACHABLE_CODE = YES;
				CLANG_WARN__DUPLICATE_METHOD_MATCH = YES;
				"CODE_SIGN_IDENTITY[sdk=iphoneos*]" = "iPhone Developer";
				COPY_PHASE_STRIP = NO;
				DEBUG_INFORMATION_FORMAT = dwarf;
				ENABLE_STRICT_OBJC_MSGSEND = YES;
				ENABLE_TESTABILITY = YES;
				GCC_C_LANGUAGE_STANDARD = gnu99;
				GCC_DYNAMIC_NO_PIC = NO;
				GCC_NO_COMMON_BLOCKS = YES;
				GCC_OPTIMIZATION_LEVEL = 0;
				GCC_PREPROCESSOR_DEFINITIONS = (
					"DEBUG=1",
					"$(inherited)",
				);
				GCC_WARN_64_TO_32_BIT_CONVERSION = YES;
				GCC_WARN_ABOUT_RETURN_TYPE = YES_ERROR;
				GCC_WARN_UNDECLARED_SELECTOR = YES;
				GCC_WARN_UNINITIALIZED_AUTOS = YES_AGGRESSIVE;
				GCC_WARN_UNUSED_FUNCTION = YES;
				GCC_WARN_UNUSED_VARIABLE = YES;
				IPHONEOS_DEPLOYMENT_TARGET = 9.2;
				MTL_ENABLE_DEBUG_INFO = YES;
				ONLY_ACTIVE_ARCH = YES;
				SDKROOT = iphoneos;
			};
			name = Debug;
		};
		4ACFBCC31C62974900BE649A /* Release */ = {
			isa = XCBuildConfiguration;
			buildSettings = {
				ALWAYS_SEARCH_USER_PATHS = NO;
				CLANG_CXX_LANGUAGE_STANDARD = "gnu++0x";
				CLANG_CXX_LIBRARY = "libc++";
				CLANG_ENABLE_MODULES = YES;
				CLANG_ENABLE_OBJC_ARC = YES;
				CLANG_WARN_BOOL_CONVERSION = YES;
				CLANG_WARN_CONSTANT_CONVERSION = YES;
				CLANG_WARN_DIRECT_OBJC_ISA_USAGE = YES_ERROR;
				CLANG_WARN_EMPTY_BODY = YES;
				CLANG_WARN_ENUM_CONVERSION = YES;
				CLANG_WARN_INT_CONVERSION = YES;
				CLANG_WARN_OBJC_ROOT_CLASS = YES_ERROR;
				CLANG_WARN_UNREACHABLE_CODE = YES;
				CLANG_WARN__DUPLICATE_METHOD_MATCH = YES;
				"CODE_SIGN_IDENTITY[sdk=iphoneos*]" = "iPhone Developer";
				COPY_PHASE_STRIP = NO;
				DEBUG_INFORMATION_FORMAT = "dwarf-with-dsym";
				ENABLE_NS_ASSERTIONS = NO;
				ENABLE_STRICT_OBJC_MSGSEND = YES;
				GCC_C_LANGUAGE_STANDARD = gnu99;
				GCC_NO_COMMON_BLOCKS = YES;
				GCC_WARN_64_TO_32_BIT_CONVERSION = YES;
				GCC_WARN_ABOUT_RETURN_TYPE = YES_ERROR;
				GCC_WARN_UNDECLARED_SELECTOR = YES;
				GCC_WARN_UNINITIALIZED_AUTOS = YES_AGGRESSIVE;
				GCC_WARN_UNUSED_FUNCTION = YES;
				GCC_WARN_UNUSED_VARIABLE = YES;
				IPHONEOS_DEPLOYMENT_TARGET = 9.2;
				MTL_ENABLE_DEBUG_INFO = NO;
				SDKROOT = iphoneos;
				VALIDATE_PRODUCT = YES;
			};
			name = Release;
		};
		4ACFBCC51C62974900BE649A /* Debug */ = {
			isa = XCBuildConfiguration;
			buildSettings = {
				ASSETCATALOG_COMPILER_APPICON_NAME = AppIcon;
				INFOPLIST_FILE = SevenSegment/Info.plist;
				LD_RUNPATH_SEARCH_PATHS = "$(inherited) @executable_path/Frameworks";
				PRODUCT_BUNDLE_IDENTIFIER = com.harryfbloch.SevenSegment;
				PRODUCT_NAME = "$(TARGET_NAME)";
			};
			name = Debug;
		};
		4ACFBCC61C62974900BE649A /* Release */ = {
			isa = XCBuildConfiguration;
			buildSettings = {
				ASSETCATALOG_COMPILER_APPICON_NAME = AppIcon;
				INFOPLIST_FILE = SevenSegment/Info.plist;
				LD_RUNPATH_SEARCH_PATHS = "$(inherited) @executable_path/Frameworks";
				PRODUCT_BUNDLE_IDENTIFIER = com.harryfbloch.SevenSegment;
				PRODUCT_NAME = "$(TARGET_NAME)";
			};
			name = Release;
		};
		4ACFBCC81C62974900BE649A /* Debug */ = {
			isa = XCBuildConfiguration;
			buildSettings = {
				BUNDLE_LOADER = "$(TEST_HOST)";
				INFOPLIST_FILE = SevenSegmentTests/Info.plist;
				LD_RUNPATH_SEARCH_PATHS = "$(inherited) @executable_path/Frameworks @loader_path/Frameworks";
				PRODUCT_BUNDLE_IDENTIFIER = com.harryfbloch.SevenSegmentTests;
				PRODUCT_NAME = "$(TARGET_NAME)";
				TEST_HOST = "$(BUILT_PRODUCTS_DIR)/SevenSegment.app/SevenSegment";
			};
			name = Debug;
		};
		4ACFBCC91C62974900BE649A /* Release */ = {
			isa = XCBuildConfiguration;
			buildSettings = {
				BUNDLE_LOADER = "$(TEST_HOST)";
				INFOPLIST_FILE = SevenSegmentTests/Info.plist;
				LD_RUNPATH_SEARCH_PATHS = "$(inherited) @executable_path/Frameworks @loader_path/Frameworks";
				PRODUCT_BUNDLE_IDENTIFIER = com.harryfbloch.SevenSegmentTests;
				PRODUCT_NAME = "$(TARGET_NAME)";
				TEST_HOST = "$(BUILT_PRODUCTS_DIR)/SevenSegment.app/SevenSegment";
			};
			name = Release;
		};
		4ACFBCCB1C62974900BE649A /* Debug */ = {
			isa = XCBuildConfiguration;
			buildSettings = {
				INFOPLIST_FILE = SevenSegmentUITests/Info.plist;
				LD_RUNPATH_SEARCH_PATHS = "$(inherited) @executable_path/Frameworks @loader_path/Frameworks";
				PRODUCT_BUNDLE_IDENTIFIER = com.harryfbloch.SevenSegmentUITests;
				PRODUCT_NAME = "$(TARGET_NAME)";
				TEST_TARGET_NAME = SevenSegment;
				USES_XCTRUNNER = YES;
			};
			name = Debug;
		};
		4ACFBCCC1C62974900BE649A /* Release */ = {
			isa = XCBuildConfiguration;
			buildSettings = {
				INFOPLIST_FILE = SevenSegmentUITests/Info.plist;
				LD_RUNPATH_SEARCH_PATHS = "$(inherited) @executable_path/Frameworks @loader_path/Frameworks";
				PRODUCT_BUNDLE_IDENTIFIER = com.harryfbloch.SevenSegmentUITests;
				PRODUCT_NAME = "$(TARGET_NAME)";
				TEST_TARGET_NAME = SevenSegment;
				USES_XCTRUNNER = YES;
			};
			name = Release;
		};
/* End XCBuildConfiguration section */

/* Begin XCConfigurationList section */
		4ACFBC921C62974900BE649A /* Build configuration list for PBXProject "SevenSegment" */ = {
			isa = XCConfigurationList;
			buildConfigurations = (
				4ACFBCC21C62974900BE649A /* Debug */,
				4ACFBCC31C62974900BE649A /* Release */,
			);
			defaultConfigurationIsVisible = 0;
			defaultConfigurationName = Release;
		};
		4ACFBCC41C62974900BE649A /* Build configuration list for PBXNativeTarget "SevenSegment" */ = {
			isa = XCConfigurationList;
			buildConfigurations = (
				4ACFBCC51C62974900BE649A /* Debug */,
				4ACFBCC61C62974900BE649A /* Release */,
			);
			defaultConfigurationIsVisible = 0;
			defaultConfigurationName = Release;
		};
		4ACFBCC71C62974900BE649A /* Build configuration list for PBXNativeTarget "SevenSegmentTests" */ = {
			isa = XCConfigurationList;
			buildConfigurations = (
				4ACFBCC81C62974900BE649A /* Debug */,
				4ACFBCC91C62974900BE649A /* Release */,
			);
			defaultConfigurationIsVisible = 0;
			defaultConfigurationName = Release;
		};
		4ACFBCCA1C62974900BE649A /* Build configuration list for PBXNativeTarget "SevenSegmentUITests" */ = {
			isa = XCConfigurationList;
			buildConfigurations = (
				4ACFBCCB1C62974900BE649A /* Debug */,
				4ACFBCCC1C62974900BE649A /* Release */,
			);
			defaultConfigurationIsVisible = 0;
			defaultConfigurationName = Release;
		};
/* End XCConfigurationList section */
	};
	rootObject = 4ACFBC8F1C62974900BE649A /* Project object */;
}
